
Microsoft Visual Studio Solution File, Format Version 12.00
# Visual Studio Version 16
VisualStudioVersion = 16.0.32126.315
MinimumVisualStudioVersion = 10.0.40219.1
Project("{9A19103F-16F7-4668-BE54-9A1E7A4F7556}") = "SignUpGenius", "SignUpGenius\SignUpGenius.csproj", "{81C9B5F0-2944-4D33-8384-5C5E3D40D8F0}"
EndProject
Global
	GlobalSection(SolutionConfigurationPlatforms) = preSolution
		Debug|Any CPU = Debug|Any CPU
		Release|Any CPU = Release|Any CPU
	EndGlobalSection
	GlobalSection(ProjectConfigurationPlatforms) = postSolution
		{81C9B5F0-2944-4D33-8384-5C5E3D40D8F0}.Debug|Any CPU.ActiveCfg = Debug|Any CPU
		{81C9B5F0-2944-4D33-8384-5C5E3D40D8F0}.Debug|Any CPU.Build.0 = Debug|Any CPU
		{81C9B5F0-2944-4D33-8384-5C5E3D40D8F0}.Release|Any CPU.ActiveCfg = Release|Any CPU
		{81C9B5F0-2944-4D33-8384-5C5E3D40D8F0}.Release|Any CPU.Build.0 = Release|Any CPU
	EndGlobalSection
	GlobalSection(SolutionProperties) = preSolution
		HideSolutionNode = FALSE
	EndGlobalSection
	GlobalSection(ExtensibilityGlobals) = postSolution
		SolutionGuid = {6927630D-0177-4644-AAD6-8BCA22F47BF6}
	EndGlobalSection
EndGlobal
